
Microsoft Visual Studio Solution File, Format Version 12.00
# Visual Studio 15
VisualStudioVersion = 15.0.27130.2010
MinimumVisualStudioVersion = 10.0.40219.1
Project("{8BC9CEB8-8B4A-11D0-8D11-00A0C91BC942}") = "Nostra Utils", "Nostra Utils\Nostra Utils.vcxproj", "{F9651BCA-7478-4AC9-8CCC-6761A2586193}"
EndProject
Project("{8BC9CEB8-8B4A-11D0-8D11-00A0C91BC942}") = "Test", "Test\Test.vcxproj", "{C8A9B6AA-936E-42B3-BCDE-B92EEC79A515}"
EndProject
Project("{8BC9CEB8-8B4A-11D0-8D11-00A0C91BC942}") = "UnitTests", "UnitTests\UnitTests.vcxproj", "{10FAE7E5-03D1-41C2-A314-36D5B1D59AC5}"
EndProject
Global
	GlobalSection(SolutionConfigurationPlatforms) = preSolution
		DLL Dbg|x64 = DLL Dbg|x64
		DLL Dbg|x86 = DLL Dbg|x86
		DLL Rel|x64 = DLL Rel|x64
		DLL Rel|x86 = DLL Rel|x86
		LIB Dbg|x64 = LIB Dbg|x64
		LIB Dbg|x86 = LIB Dbg|x86
		LIB Rel|x64 = LIB Rel|x64
		LIB Rel|x86 = LIB Rel|x86
	EndGlobalSection
	GlobalSection(ProjectConfigurationPlatforms) = postSolution
		{F9651BCA-7478-4AC9-8CCC-6761A2586193}.DLL Dbg|x64.ActiveCfg = DLL Dbg|x64
		{F9651BCA-7478-4AC9-8CCC-6761A2586193}.DLL Dbg|x64.Build.0 = DLL Dbg|x64
		{F9651BCA-7478-4AC9-8CCC-6761A2586193}.DLL Dbg|x86.ActiveCfg = DLL Dbg|Win32
		{F9651BCA-7478-4AC9-8CCC-6761A2586193}.DLL Dbg|x86.Build.0 = DLL Dbg|Win32
		{F9651BCA-7478-4AC9-8CCC-6761A2586193}.DLL Rel|x64.ActiveCfg = DLL Rel|x64
		{F9651BCA-7478-4AC9-8CCC-6761A2586193}.DLL Rel|x64.Build.0 = DLL Rel|x64
		{F9651BCA-7478-4AC9-8CCC-6761A2586193}.DLL Rel|x86.ActiveCfg = DLL Rel|Win32
		{F9651BCA-7478-4AC9-8CCC-6761A2586193}.DLL Rel|x86.Build.0 = DLL Rel|Win32
		{F9651BCA-7478-4AC9-8CCC-6761A2586193}.LIB Dbg|x64.ActiveCfg = LIB Dbg|x64
		{F9651BCA-7478-4AC9-8CCC-6761A2586193}.LIB Dbg|x64.Build.0 = LIB Dbg|x64
		{F9651BCA-7478-4AC9-8CCC-6761A2586193}.LIB Dbg|x86.ActiveCfg = LIB Dbg|Win32
		{F9651BCA-7478-4AC9-8CCC-6761A2586193}.LIB Dbg|x86.Build.0 = LIB Dbg|Win32
		{F9651BCA-7478-4AC9-8CCC-6761A2586193}.LIB Rel|x64.ActiveCfg = LIB Rel|x64
		{F9651BCA-7478-4AC9-8CCC-6761A2586193}.LIB Rel|x64.Build.0 = LIB Rel|x64
		{F9651BCA-7478-4AC9-8CCC-6761A2586193}.LIB Rel|x86.ActiveCfg = LIB Rel|Win32
		{F9651BCA-7478-4AC9-8CCC-6761A2586193}.LIB Rel|x86.Build.0 = LIB Rel|Win32
		{C8A9B6AA-936E-42B3-BCDE-B92EEC79A515}.DLL Dbg|x64.ActiveCfg = DLL Dbg|x64
		{C8A9B6AA-936E-42B3-BCDE-B92EEC79A515}.DLL Dbg|x64.Build.0 = DLL Dbg|x64
		{C8A9B6AA-936E-42B3-BCDE-B92EEC79A515}.DLL Dbg|x86.ActiveCfg = DLL Dbg|Win32
		{C8A9B6AA-936E-42B3-BCDE-B92EEC79A515}.DLL Dbg|x86.Build.0 = DLL Dbg|Win32
		{C8A9B6AA-936E-42B3-BCDE-B92EEC79A515}.DLL Rel|x64.ActiveCfg = DLL Rel|x64
		{C8A9B6AA-936E-42B3-BCDE-B92EEC79A515}.DLL Rel|x64.Build.0 = DLL Rel|x64
		{C8A9B6AA-936E-42B3-BCDE-B92EEC79A515}.DLL Rel|x86.ActiveCfg = DLL Rel|Win32
		{C8A9B6AA-936E-42B3-BCDE-B92EEC79A515}.DLL Rel|x86.Build.0 = DLL Rel|Win32
		{C8A9B6AA-936E-42B3-BCDE-B92EEC79A515}.LIB Dbg|x64.ActiveCfg = LIB Dbg|x64
		{C8A9B6AA-936E-42B3-BCDE-B92EEC79A515}.LIB Dbg|x64.Build.0 = LIB Dbg|x64
		{C8A9B6AA-936E-42B3-BCDE-B92EEC79A515}.LIB Dbg|x86.ActiveCfg = LIB Dbg|Win32
		{C8A9B6AA-936E-42B3-BCDE-B92EEC79A515}.LIB Dbg|x86.Build.0 = LIB Dbg|Win32
		{C8A9B6AA-936E-42B3-BCDE-B92EEC79A515}.LIB Rel|x64.ActiveCfg = LIB Rel|x64
		{C8A9B6AA-936E-42B3-BCDE-B92EEC79A515}.LIB Rel|x64.Build.0 = LIB Rel|x64
		{C8A9B6AA-936E-42B3-BCDE-B92EEC79A515}.LIB Rel|x86.ActiveCfg = LIB Rel|Win32
		{C8A9B6AA-936E-42B3-BCDE-B92EEC79A515}.LIB Rel|x86.Build.0 = LIB Rel|Win32
		{10FAE7E5-03D1-41C2-A314-36D5B1D59AC5}.DLL Dbg|x64.ActiveCfg = DLL Dbg|x64
		{10FAE7E5-03D1-41C2-A314-36D5B1D59AC5}.DLL Dbg|x64.Build.0 = DLL Dbg|x64
		{10FAE7E5-03D1-41C2-A314-36D5B1D59AC5}.DLL Dbg|x86.ActiveCfg = DLL Dbg|Win32
		{10FAE7E5-03D1-41C2-A314-36D5B1D59AC5}.DLL Dbg|x86.Build.0 = DLL Dbg|Win32
		{10FAE7E5-03D1-41C2-A314-36D5B1D59AC5}.DLL Rel|x64.ActiveCfg = DLL Rel|x64
		{10FAE7E5-03D1-41C2-A314-36D5B1D59AC5}.DLL Rel|x64.Build.0 = DLL Rel|x64
		{10FAE7E5-03D1-41C2-A314-36D5B1D59AC5}.DLL Rel|x86.ActiveCfg = DLL Rel|Win32
		{10FAE7E5-03D1-41C2-A314-36D5B1D59AC5}.DLL Rel|x86.Build.0 = DLL Rel|Win32
		{10FAE7E5-03D1-41C2-A314-36D5B1D59AC5}.LIB Dbg|x64.ActiveCfg = LIB Dbg|x64
		{10FAE7E5-03D1-41C2-A314-36D5B1D59AC5}.LIB Dbg|x64.Build.0 = LIB Dbg|x64
		{10FAE7E5-03D1-41C2-A314-36D5B1D59AC5}.LIB Dbg|x86.ActiveCfg = LIB Dbg|Win32
		{10FAE7E5-03D1-41C2-A314-36D5B1D59AC5}.LIB Dbg|x86.Build.0 = LIB Dbg|Win32
		{10FAE7E5-03D1-41C2-A314-36D5B1D59AC5}.LIB Rel|x64.ActiveCfg = LIB Rel|x64
		{10FAE7E5-03D1-41C2-A314-36D5B1D59AC5}.LIB Rel|x64.Build.0 = LIB Rel|x64
		{10FAE7E5-03D1-41C2-A314-36D5B1D59AC5}.LIB Rel|x86.ActiveCfg = LIB Rel|Win32
		{10FAE7E5-03D1-41C2-A314-36D5B1D59AC5}.LIB Rel|x86.Build.0 = LIB Rel|Win32
	EndGlobalSection
	GlobalSection(SolutionProperties) = preSolution
		HideSolutionNode = FALSE
	EndGlobalSection
	GlobalSection(ExtensibilityGlobals) = postSolution
		SolutionGuid = {42700EFD-CF00-430D-A76B-7092477C593D}
	EndGlobalSection
EndGlobal
